{
  "name": "cocoscreator3.xeditordeclaration",
  "version": "1.0.0",
  "lockfileVersion": 1,
  "requires": true,
  "dependencies": {
    "@types/node": {
      "version": "15.6.1",
      "resolved": "https://registry.nlark.com/@types/node/download/@types/node-15.6.1.tgz",
      "integrity": "sha1-MtQzkNXGLFtuxIapvJxZVE3jmgg=",
      "dev": true
    }
  }
}
